
Microsoft Visual Studio Solution File, Format Version 12.00
# Visual Studio Version 17
VisualStudioVersion = 17.11.35431.28
MinimumVisualStudioVersion = 10.0.40219.1
Project("{FAE04EC0-301F-11D3-BF4B-00C04F79EFBC}") = "AOC2024", "AOC2024\AOC2024.csproj", "{806CC2C5-F6C5-43F4-8EE0-83F7B42194EA}"
EndProject
Global
	GlobalSection(SolutionConfigurationPlatforms) = preSolution
		Debug|Any CPU = Debug|Any CPU
		Release|Any CPU = Release|Any CPU
	EndGlobalSection
	GlobalSection(ProjectConfigurationPlatforms) = postSolution
		{806CC2C5-F6C5-43F4-8EE0-83F7B42194EA}.Debug|Any CPU.ActiveCfg = Debug|Any CPU
		{806CC2C5-F6C5-43F4-8EE0-83F7B42194EA}.Debug|Any CPU.Build.0 = Debug|Any CPU
		{806CC2C5-F6C5-43F4-8EE0-83F7B42194EA}.Release|Any CPU.ActiveCfg = Release|Any CPU
		{806CC2C5-F6C5-43F4-8EE0-83F7B42194EA}.Release|Any CPU.Build.0 = Release|Any CPU
	EndGlobalSection
	GlobalSection(SolutionProperties) = preSolution
		HideSolutionNode = FALSE
	EndGlobalSection
	GlobalSection(ExtensibilityGlobals) = postSolution
		SolutionGuid = {C735F5EC-1BBE-4813-8EEA-688F9CD15F00}
	EndGlobalSection
EndGlobal
